
Microsoft Visual Studio Solution File, Format Version 12.00
# Visual Studio Version 16
VisualStudioVersion = 16.0.31229.75
MinimumVisualStudioVersion = 10.0.40219.1
Project("{FAE04EC0-301F-11D3-BF4B-00C04F79EFBC}") = "ModelDemo", "ModelDemo\ModelDemo.csproj", "{FF869B88-C1BF-4AAF-B341-A8D16377CF02}"
EndProject
Global
	GlobalSection(SolutionConfigurationPlatforms) = preSolution
		Debug|Any CPU = Debug|Any CPU
		Release|Any CPU = Release|Any CPU
	EndGlobalSection
	GlobalSection(ProjectConfigurationPlatforms) = postSolution
		{FF869B88-C1BF-4AAF-B341-A8D16377CF02}.Debug|Any CPU.ActiveCfg = Debug|Any CPU
		{FF869B88-C1BF-4AAF-B341-A8D16377CF02}.Debug|Any CPU.Build.0 = Debug|Any CPU
		{FF869B88-C1BF-4AAF-B341-A8D16377CF02}.Release|Any CPU.ActiveCfg = Release|Any CPU
		{FF869B88-C1BF-4AAF-B341-A8D16377CF02}.Release|Any CPU.Build.0 = Release|Any CPU
	EndGlobalSection
	GlobalSection(SolutionProperties) = preSolution
		HideSolutionNode = FALSE
	EndGlobalSection
	GlobalSection(ExtensibilityGlobals) = postSolution
		SolutionGuid = {156C787A-F17D-470F-8C89-AB70C5545280}
	EndGlobalSection
EndGlobal
